{
  "name": "bun-api",
  "version": "0.0.1",
  "lockfileVersion": 2,
  "requires": true,
  "packages": {
    "": {
      "name": "bun-api",
      "version": "0.0.1",
      "dependencies": {
        "hono": "^2.7.7"
      },
      "devDependencies": {
        "bun-types": "^0.5.0"
      }
    },
    "node_modules/bun-types": {
      "version": "0.5.6",
      "resolved": "https://registry.npmjs.org/bun-types/-/bun-types-0.5.6.tgz",
      "integrity": "sha512-c4XXSAo4gA03XE3EIOB1bcLxUvWMzhiE9AQdoZi+3fplNLpyeOw7UJM3o1UCtk00NYZQIbgC/eJ88QrlSdxhxg==",
      "dev": true
    },
    "node_modules/hono": {
      "version": "2.7.7",
      "resolved": "https://registry.npmjs.org/hono/-/hono-2.7.7.tgz",
      "integrity": "sha512-oPzXxqKlR6S7C2eErGa2EATglVUkcDuSlDVudafEjAik+ERYnLz1M9vkvgLjy3HISF1oXlA1ZFamzA99tkzJSg==",
      "engines": {
        "node": ">=16.0.0"
      }
    }
  },
  "dependencies": {
    "bun-types": {
      "version": "0.5.6",
      "resolved": "https://registry.npmjs.org/bun-types/-/bun-types-0.5.6.tgz",
      "integrity": "sha512-c4XXSAo4gA03XE3EIOB1bcLxUvWMzhiE9AQdoZi+3fplNLpyeOw7UJM3o1UCtk00NYZQIbgC/eJ88QrlSdxhxg==",
      "dev": true
    },
    "hono": {
      "version": "2.7.7",
      "resolved": "https://registry.npmjs.org/hono/-/hono-2.7.7.tgz",
      "integrity": "sha512-oPzXxqKlR6S7C2eErGa2EATglVUkcDuSlDVudafEjAik+ERYnLz1M9vkvgLjy3HISF1oXlA1ZFamzA99tkzJSg=="
    }
  }
}
